<?xml version="1.0" encoding="utf-8"?>
<Project ToolsVersion="4.0" xmlns="http://schemas.microsoft.com/developer/msbuild/2003">
  <ItemGroup>
    <Filter Include="Header Files">
      <UniqueIdentifier>{93995380-89BD-4b04-88EB-625FBE52EBFB}</UniqueIdentifier>
      <Extensions>h;hpp;hxx;hm;inl;inc;xsd</Extensions>
    </Filter>
    <Filter Include="Resource Files">
      <UniqueIdentifier>{46d99186-4c96-4cca-93f5-591c1945e4c6}</UniqueIdentifier>
    </Filter>
    <Filter Include="Header Files\v2">
      <UniqueIdentifier>{84424b57-435c-4101-bce5-964482957939}</UniqueIdentifier>
    </Filter>
    <Filter Include="Header Files\v4">
      <UniqueIdentifier>{e12510d9-7eaf-436f-95ba-0eb038eb11e7}</UniqueIdentifier>
    </Filter>
    <Filter Include="Header Files\v1">
      <UniqueIdentifier>{ac8230cf-19e5-4c96-a6c6-590417648269}</UniqueIdentifier>
    </Filter>
  </ItemGroup>
  <ItemGroup>
    <ClInclude Include="PermutationIndexIterator.hpp">
      <Filter>Header Files</Filter>
    </ClInclude>
    <ClInclude Include="SpikeTypesIzhikevich.hpp">
      <Filter>Header Files</Filter>
    </ClInclude>
    <ClInclude Include="v2\NeuronIdRange2.hpp">
      <Filter>Header Files\v2</Filter>
    </ClInclude>
    <ClInclude Include="v2\TopologyGenerator.hpp">
      <Filter>Header Files\v2</Filter>
    </ClInclude>
    <ClInclude Include="v2\Network2.hpp">
      <Filter>Header Files\v2</Filter>
    </ClInclude>
    <ClInclude Include="DumperWeigthDelta.hpp">
      <Filter>Header Files</Filter>
    </ClInclude>
    <ClInclude Include="DumperState.hpp">
      <Filter>Header Files</Filter>
    </ClInclude>
    <ClInclude Include="v4\Network4.hpp">
      <Filter>Header Files\v4</Filter>
    </ClInclude>
    <ClInclude Include="v4\DumperState4.hpp">
      <Filter>Header Files\v4</Filter>
    </ClInclude>
    <ClInclude Include="v4\DumperSpikes4.hpp">
      <Filter>Header Files\v4</Filter>
    </ClInclude>
    <ClInclude Include="v4\DumperWeigthDelta4.hpp">
      <Filter>Header Files\v4</Filter>
    </ClInclude>
    <ClInclude Include="v1\PolyChronousGroup.hpp">
      <Filter>Header Files\v1</Filter>
    </ClInclude>
    <ClInclude Include="v1\PolyChronousGroups.hpp">
      <Filter>Header Files\v1</Filter>
    </ClInclude>
    <ClInclude Include="v1\SampleScore.hpp">
      <Filter>Header Files\v1</Filter>
    </ClInclude>
    <ClInclude Include="v1\SampleScore2.hpp">
      <Filter>Header Files\v1</Filter>
    </ClInclude>
    <ClInclude Include="v1\Search_Network_Config.hpp">
      <Filter>Header Files\v1</Filter>
    </ClInclude>
    <ClInclude Include="v1\SpikeAnalysis.hpp">
      <Filter>Header Files\v1</Filter>
    </ClInclude>
    <ClInclude Include="v1\updateState_serial.hpp">
      <Filter>Header Files\v1</Filter>
    </ClInclude>
    <ClInclude Include="v1\SpikeGroup1.hpp">
      <Filter>Header Files\v1</Filter>
    </ClInclude>
    <ClInclude Include="v1\SpikeNetwork1.hpp">
      <Filter>Header Files\v1</Filter>
    </ClInclude>
    <ClInclude Include="Topology.hpp">
      <Filter>Header Files</Filter>
    </ClInclude>
    <ClInclude Include="v4\Spikes4.hpp">
      <Filter>Header Files\v4</Filter>
    </ClInclude>
    <ClInclude Include="v4\SpikeDataSetMatlab4.hpp">
      <Filter>Header Files\v4</Filter>
    </ClInclude>
    <ClInclude Include="v4\SpikeClassification4.hpp">
      <Filter>Header Files\v4</Filter>
    </ClInclude>
    <ClInclude Include="v2\Synapses2.hpp">
      <Filter>Header Files\v2</Filter>
    </ClInclude>
    <ClInclude Include="v2\InputCurrent2.hpp">
      <Filter>Header Files\v2</Filter>
    </ClInclude>
    <ClInclude Include="v4\SpikeEpspContainer4.hpp">
      <Filter>Header Files\v4</Filter>
    </ClInclude>
  </ItemGroup>
  <ItemGroup>
    <Text Include="v4\Synapses4.hpp">
      <Filter>Header Files\v4</Filter>
    </Text>
    <Text Include="v1\orginal\poly_spnet.cpp.original.txt">
      <Filter>Resource Files</Filter>
    </Text>
    <Text Include="v1\orginal\spnet.cpp.original.txt">
      <Filter>Resource Files</Filter>
    </Text>
  </ItemGroup>
</Project>